
Microsoft Visual Studio Solution File, Format Version 11.00
# Visual Studio 2010
Project("{FAE04EC0-301F-11D3-BF4B-00C04F79EFBC}") = "DataReader", "DataReader\DataReader.csproj", "{B288BC1F-549F-456C-A930-70D14C6B923C}"
EndProject
Project("{FAE04EC0-301F-11D3-BF4B-00C04F79EFBC}") = "Tests", "Tests\Tests.csproj", "{B3FEC7E5-7D30-427D-A807-DACE1030639D}"
EndProject
Global
	GlobalSection(SolutionConfigurationPlatforms) = preSolution
		Debug|Any CPU = Debug|Any CPU
		Release|Any CPU = Release|Any CPU
	EndGlobalSection
	GlobalSection(ProjectConfigurationPlatforms) = postSolution
		{B288BC1F-549F-456C-A930-70D14C6B923C}.Debug|Any CPU.ActiveCfg = Debug|Any CPU
		{B288BC1F-549F-456C-A930-70D14C6B923C}.Debug|Any CPU.Build.0 = Debug|Any CPU
		{B288BC1F-549F-456C-A930-70D14C6B923C}.Release|Any CPU.ActiveCfg = Release|Any CPU
		{B288BC1F-549F-456C-A930-70D14C6B923C}.Release|Any CPU.Build.0 = Release|Any CPU
		{B3FEC7E5-7D30-427D-A807-DACE1030639D}.Debug|Any CPU.ActiveCfg = Debug|Any CPU
		{B3FEC7E5-7D30-427D-A807-DACE1030639D}.Debug|Any CPU.Build.0 = Debug|Any CPU
		{B3FEC7E5-7D30-427D-A807-DACE1030639D}.Release|Any CPU.ActiveCfg = Release|Any CPU
		{B3FEC7E5-7D30-427D-A807-DACE1030639D}.Release|Any CPU.Build.0 = Release|Any CPU
	EndGlobalSection
	GlobalSection(SolutionProperties) = preSolution
		HideSolutionNode = FALSE
	EndGlobalSection
EndGlobal
